
Microsoft Visual Studio Solution File, Format Version 12.00
# Visual Studio Version 17
VisualStudioVersion = 17.3.32929.385
MinimumVisualStudioVersion = 10.0.40219.1
Project("{9A19103F-16F7-4668-BE54-9A1E7A4F7556}") = "DarkDhamon.Common.Tests", "DarkDhamon.Common.Tests\DarkDhamon.Common.Tests.csproj", "{8FCC12F7-976F-4997-9C46-4B7E0021A275}"
EndProject
Project("{9A19103F-16F7-4668-BE54-9A1E7A4F7556}") = "DarkDhamon.OS.Integration", "DarkDhamon.OS.Integration\DarkDhamon.OS.Integration.csproj", "{1E50C75E-D671-4EF4-8B77-1BD6A93FBB18}"
EndProject
Project("{9A19103F-16F7-4668-BE54-9A1E7A4F7556}") = "DarkDhamon.OS.Integration.Tests", "DarkDhamon.OS.Integration.Tests\DarkDhamon.OS.Integration.Tests.csproj", "{EA7128EE-2196-4692-8F29-CEDFBE55EFCE}"
EndProject
Project("{2150E333-8FDC-42A3-9474-1A3956D46DE8}") = "Solution Files", "Solution Files", "{E019CFCA-C127-48D4-B6F3-008A029995F4}"
	ProjectSection(SolutionItems) = preProject
		README.md = README.md
	EndProjectSection
EndProject
Project("{9A19103F-16F7-4668-BE54-9A1E7A4F7556}") = "DarkDhamon.Common.EntityFramework", "DarkDhamon.Common.EntityFramework\DarkDhamon.Common.EntityFramework.csproj", "{BB201A2D-CBE2-4A07-9490-14E142087197}"
EndProject
Project("{9A19103F-16F7-4668-BE54-9A1E7A4F7556}") = "DarkDhamon.Common", "DarkDhamon.Common\DarkDhamon.Common.csproj", "{283C3757-D692-4845-885E-31E4DAC435B8}"
EndProject
Project("{2150E333-8FDC-42A3-9474-1A3956D46DE8}") = "Testing", "Testing", "{787432E5-3C2D-4A67-817C-EE283A0C6F91}"
EndProject
Project("{2150E333-8FDC-42A3-9474-1A3956D46DE8}") = "UnitTesting", "UnitTesting", "{1E8D9776-7FB2-428A-B165-F99A646ED04C}"
EndProject
Project("{2150E333-8FDC-42A3-9474-1A3956D46DE8}") = "NewFolder1", "NewFolder1", "{FFF16832-C364-4B23-AE85-7DE518CF729C}"
EndProject
Global
	GlobalSection(SolutionConfigurationPlatforms) = preSolution
		Debug|Any CPU = Debug|Any CPU
		Release|Any CPU = Release|Any CPU
	EndGlobalSection
	GlobalSection(ProjectConfigurationPlatforms) = postSolution
		{8FCC12F7-976F-4997-9C46-4B7E0021A275}.Debug|Any CPU.ActiveCfg = Debug|Any CPU
		{8FCC12F7-976F-4997-9C46-4B7E0021A275}.Debug|Any CPU.Build.0 = Debug|Any CPU
		{8FCC12F7-976F-4997-9C46-4B7E0021A275}.Release|Any CPU.ActiveCfg = Release|Any CPU
		{8FCC12F7-976F-4997-9C46-4B7E0021A275}.Release|Any CPU.Build.0 = Release|Any CPU
		{1E50C75E-D671-4EF4-8B77-1BD6A93FBB18}.Debug|Any CPU.ActiveCfg = Debug|Any CPU
		{1E50C75E-D671-4EF4-8B77-1BD6A93FBB18}.Debug|Any CPU.Build.0 = Debug|Any CPU
		{1E50C75E-D671-4EF4-8B77-1BD6A93FBB18}.Release|Any CPU.ActiveCfg = Release|Any CPU
		{1E50C75E-D671-4EF4-8B77-1BD6A93FBB18}.Release|Any CPU.Build.0 = Release|Any CPU
		{EA7128EE-2196-4692-8F29-CEDFBE55EFCE}.Debug|Any CPU.ActiveCfg = Debug|Any CPU
		{EA7128EE-2196-4692-8F29-CEDFBE55EFCE}.Debug|Any CPU.Build.0 = Debug|Any CPU
		{EA7128EE-2196-4692-8F29-CEDFBE55EFCE}.Release|Any CPU.ActiveCfg = Release|Any CPU
		{EA7128EE-2196-4692-8F29-CEDFBE55EFCE}.Release|Any CPU.Build.0 = Release|Any CPU
		{BB201A2D-CBE2-4A07-9490-14E142087197}.Debug|Any CPU.ActiveCfg = Debug|Any CPU
		{BB201A2D-CBE2-4A07-9490-14E142087197}.Debug|Any CPU.Build.0 = Debug|Any CPU
		{BB201A2D-CBE2-4A07-9490-14E142087197}.Release|Any CPU.ActiveCfg = Release|Any CPU
		{BB201A2D-CBE2-4A07-9490-14E142087197}.Release|Any CPU.Build.0 = Release|Any CPU
		{283C3757-D692-4845-885E-31E4DAC435B8}.Debug|Any CPU.ActiveCfg = Debug|Any CPU
		{283C3757-D692-4845-885E-31E4DAC435B8}.Debug|Any CPU.Build.0 = Debug|Any CPU
		{283C3757-D692-4845-885E-31E4DAC435B8}.Release|Any CPU.ActiveCfg = Release|Any CPU
		{283C3757-D692-4845-885E-31E4DAC435B8}.Release|Any CPU.Build.0 = Release|Any CPU
	EndGlobalSection
	GlobalSection(SolutionProperties) = preSolution
		HideSolutionNode = FALSE
	EndGlobalSection
	GlobalSection(NestedProjects) = preSolution
		{8FCC12F7-976F-4997-9C46-4B7E0021A275} = {787432E5-3C2D-4A67-817C-EE283A0C6F91}
		{EA7128EE-2196-4692-8F29-CEDFBE55EFCE} = {787432E5-3C2D-4A67-817C-EE283A0C6F91}
		{1E8D9776-7FB2-428A-B165-F99A646ED04C} = {787432E5-3C2D-4A67-817C-EE283A0C6F91}
		{FFF16832-C364-4B23-AE85-7DE518CF729C} = {787432E5-3C2D-4A67-817C-EE283A0C6F91}
	EndGlobalSection
	GlobalSection(ExtensibilityGlobals) = postSolution
		SolutionGuid = {C7C34B9C-BCA3-4BD3-8BB3-1A7789112FFE}
	EndGlobalSection
EndGlobal
